
Microsoft Visual Studio Solution File, Format Version 12.00
# Visual Studio Version 16
VisualStudioVersion = 16.0.31424.327
MinimumVisualStudioVersion = 10.0.40219.1
Project("{FAE04EC0-301F-11D3-BF4B-00C04F79EFBC}") = "DevTools", "DevTools\DevTools.csproj", "{0E668C8E-073F-4CBA-A8AF-8CB733A4CFB5}"
EndProject
Global
	GlobalSection(SolutionConfigurationPlatforms) = preSolution
		Debug|Any CPU = Debug|Any CPU
		Release|Any CPU = Release|Any CPU
	EndGlobalSection
	GlobalSection(ProjectConfigurationPlatforms) = postSolution
		{0E668C8E-073F-4CBA-A8AF-8CB733A4CFB5}.Debug|Any CPU.ActiveCfg = Debug|Any CPU
		{0E668C8E-073F-4CBA-A8AF-8CB733A4CFB5}.Debug|Any CPU.Build.0 = Debug|Any CPU
		{0E668C8E-073F-4CBA-A8AF-8CB733A4CFB5}.Release|Any CPU.ActiveCfg = Release|Any CPU
		{0E668C8E-073F-4CBA-A8AF-8CB733A4CFB5}.Release|Any CPU.Build.0 = Release|Any CPU
	EndGlobalSection
	GlobalSection(SolutionProperties) = preSolution
		HideSolutionNode = FALSE
	EndGlobalSection
	GlobalSection(ExtensibilityGlobals) = postSolution
		SolutionGuid = {52E4EED8-2740-44B0-B3A1-A174D92588B5}
	EndGlobalSection
EndGlobal
